
Microsoft Visual Studio Solution File, Format Version 12.00
# Visual Studio Version 16
VisualStudioVersion = 16.0.30611.23
MinimumVisualStudioVersion = 10.0.40219.1
Project("{8BC9CEB8-8B4A-11D0-8D11-00A0C91BC942}") = "hw2cpp", "hw2cpp\hw2cpp.vcxproj", "{EC2D5924-F552-4614-8209-70C929D68193}"
EndProject
Global
	GlobalSection(SolutionConfigurationPlatforms) = preSolution
		Debug|x64 = Debug|x64
		Debug|x86 = Debug|x86
		Release|x64 = Release|x64
		Release|x86 = Release|x86
	EndGlobalSection
	GlobalSection(ProjectConfigurationPlatforms) = postSolution
		{EC2D5924-F552-4614-8209-70C929D68193}.Debug|x64.ActiveCfg = Debug|x64
		{EC2D5924-F552-4614-8209-70C929D68193}.Debug|x64.Build.0 = Debug|x64
		{EC2D5924-F552-4614-8209-70C929D68193}.Debug|x86.ActiveCfg = Debug|Win32
		{EC2D5924-F552-4614-8209-70C929D68193}.Debug|x86.Build.0 = Debug|Win32
		{EC2D5924-F552-4614-8209-70C929D68193}.Release|x64.ActiveCfg = Release|x64
		{EC2D5924-F552-4614-8209-70C929D68193}.Release|x64.Build.0 = Release|x64
		{EC2D5924-F552-4614-8209-70C929D68193}.Release|x86.ActiveCfg = Release|Win32
		{EC2D5924-F552-4614-8209-70C929D68193}.Release|x86.Build.0 = Release|Win32
	EndGlobalSection
	GlobalSection(SolutionProperties) = preSolution
		HideSolutionNode = FALSE
	EndGlobalSection
	GlobalSection(ExtensibilityGlobals) = postSolution
		SolutionGuid = {18EE6262-CDC2-4EDC-8DB7-6E347313F6A6}
	EndGlobalSection
EndGlobal
